
Microsoft Visual Studio Solution File, Format Version 12.00
# Visual Studio Version 16
VisualStudioVersion = 16.0.33927.289
MinimumVisualStudioVersion = 10.0.40219.1
Project("{FAE04EC0-301F-11D3-BF4B-00C04F79EFBC}") = "Ejemplo", "Ejemplo\Ejemplo.csproj", "{9F5F2169-53E8-4352-B3AD-81EC36298315}"
EndProject
Global
	GlobalSection(SolutionConfigurationPlatforms) = preSolution
		Debug|Any CPU = Debug|Any CPU
		Release|Any CPU = Release|Any CPU
	EndGlobalSection
	GlobalSection(ProjectConfigurationPlatforms) = postSolution
		{9F5F2169-53E8-4352-B3AD-81EC36298315}.Debug|Any CPU.ActiveCfg = Debug|Any CPU
		{9F5F2169-53E8-4352-B3AD-81EC36298315}.Debug|Any CPU.Build.0 = Debug|Any CPU
		{9F5F2169-53E8-4352-B3AD-81EC36298315}.Release|Any CPU.ActiveCfg = Release|Any CPU
		{9F5F2169-53E8-4352-B3AD-81EC36298315}.Release|Any CPU.Build.0 = Release|Any CPU
	EndGlobalSection
	GlobalSection(SolutionProperties) = preSolution
		HideSolutionNode = FALSE
	EndGlobalSection
	GlobalSection(ExtensibilityGlobals) = postSolution
		SolutionGuid = {03DEB557-0BBD-4D80-9CEB-72A6D5F00DC2}
	EndGlobalSection
EndGlobal
